// !$*UTF8*$!
{
	archiveVersion = 1;
	classes = {
	};
	objectVersion = 52;
	objects = {

/* Begin PBXBuildFile section */
		ADAAB7F6232541AF006325FC /* AppDelegate.swift in Sources */ = {isa = PBXBuildFile; fileRef = ADAAB7F5232541AF006325FC /* AppDelegate.swift */; };
		ADAAB7F8232541AF006325FC /* SceneDelegate.swift in Sources */ = {isa = PBXBuildFile; fileRef = ADAAB7F7232541AF006325FC /* SceneDelegate.swift */; };
		ADAAB7FA232541B0006325FC /* ContentView.swift in Sources */ = {isa = PBXBuildFile; fileRef = ADAAB7F9232541B0006325FC /* ContentView.swift */; };
		ADAAB7FC232541B1006325FC /* Assets.xcassets in Resources */ = {isa = PBXBuildFile; fileRef = ADAAB7FB232541B1006325FC /* Assets.xcassets */; };
		ADAAB7FF232541B1006325FC /* Preview Assets.xcassets in Resources */ = {isa = PBXBuildFile; fileRef = ADAAB7FE232541B1006325FC /* Preview Assets.xcassets */; };
		ADAAB802232541B1006325FC /* LaunchScreen.storyboard in Resources */ = {isa = PBXBuildFile; fileRef = ADAAB800232541B1006325FC /* LaunchScreen.storyboard */; };
		B6838469286B3A9800302098 /* DataModel.swift in Sources */ = {isa = PBXBuildFile; fileRef = B6838468286B3A9800302098 /* DataModel.swift */; };
		B683846C286B3BB200302098 /* DataViewModel.swift in Sources */ = {isa = PBXBuildFile; fileRef = B683846B286B3BB200302098 /* DataViewModel.swift */; };
		B683846F286B3BF600302098 /* CardGroupView.swift in Sources */ = {isa = PBXBuildFile; fileRef = B683846E286B3BF600302098 /* CardGroupView.swift */; };
		B6838472286B47CC00302098 /* SDWebImageSwiftUI in Frameworks */ = {isa = PBXBuildFile; productRef = B6838471286B47CC00302098 /* SDWebImageSwiftUI */; };
		B6838475286B76F600302098 /* HexCodeToColor.swift in Sources */ = {isa = PBXBuildFile; fileRef = B6838474286B76F600302098 /* HexCodeToColor.swift */; };
		B69F0CAC286B83F300D77A48 /* Roboto-Medium.ttf in Resources */ = {isa = PBXBuildFile; fileRef = B69F0CAB286B83F300D77A48 /* Roboto-Medium.ttf */; };
		B69F0CAE286B840200D77A48 /* Roboto-Regular.ttf in Resources */ = {isa = PBXBuildFile; fileRef = B69F0CAD286B840200D77A48 /* Roboto-Regular.ttf */; };
		B69F0CB0286B842200D77A48 /* Metropolis-SemiBold.otf in Resources */ = {isa = PBXBuildFile; fileRef = B69F0CAF286B842200D77A48 /* Metropolis-SemiBold.otf */; };
/* End PBXBuildFile section */

/* Begin PBXFileReference section */
		ADAAB7F2232541AF006325FC /* Fampay-SwiftUI.app */ = {isa = PBXFileReference; explicitFileType = wrapper.application; includeInIndex = 0; path = "Fampay-SwiftUI.app"; sourceTree = BUILT_PRODUCTS_DIR; };
		ADAAB7F5232541AF006325FC /* AppDelegate.swift */ = {isa = PBXFileReference; lastKnownFileType = sourcecode.swift; path = AppDelegate.swift; sourceTree = "<group>"; };
		ADAAB7F7232541AF006325FC /* SceneDelegate.swift */ = {isa = PBXFileReference; lastKnownFileType = sourcecode.swift; path = SceneDelegate.swift; sourceTree = "<group>"; };
		ADAAB7F9232541B0006325FC /* ContentView.swift */ = {isa = PBXFileReference; lastKnownFileType = sourcecode.swift; path = ContentView.swift; sourceTree = "<group>"; };
		ADAAB7FB232541B1006325FC /* Assets.xcassets */ = {isa = PBXFileReference; lastKnownFileType = folder.assetcatalog; path = Assets.xcassets; sourceTree = "<group>"; };
		ADAAB7FE232541B1006325FC /* Preview Assets.xcassets */ = {isa = PBXFileReference; lastKnownFileType = folder.assetcatalog; path = "Preview Assets.xcassets"; sourceTree = "<group>"; };
		ADAAB801232541B1006325FC /* Base */ = {isa = PBXFileReference; lastKnownFileType = file.storyboard; name = Base; path = Base.lproj/LaunchScreen.storyboard; sourceTree = "<group>"; };
		ADAAB803232541B1006325FC /* Info.plist */ = {isa = PBXFileReference; lastKnownFileType = text.plist.xml; path = Info.plist; sourceTree = "<group>"; };
		B6838468286B3A9800302098 /* DataModel.swift */ = {isa = PBXFileReference; lastKnownFileType = sourcecode.swift; path = DataModel.swift; sourceTree = "<group>"; };
		B683846B286B3BB200302098 /* DataViewModel.swift */ = {isa = PBXFileReference; lastKnownFileType = sourcecode.swift; path = DataViewModel.swift; sourceTree = "<group>"; };
		B683846E286B3BF600302098 /* CardGroupView.swift */ = {isa = PBXFileReference; lastKnownFileType = sourcecode.swift; path = CardGroupView.swift; sourceTree = "<group>"; };
		B6838474286B76F600302098 /* HexCodeToColor.swift */ = {isa = PBXFileReference; lastKnownFileType = sourcecode.swift; path = HexCodeToColor.swift; sourceTree = "<group>"; };
		B69F0CAB286B83F300D77A48 /* Roboto-Medium.ttf */ = {isa = PBXFileReference; lastKnownFileType = file; path = "Roboto-Medium.ttf"; sourceTree = "<group>"; };
		B69F0CAD286B840200D77A48 /* Roboto-Regular.ttf */ = {isa = PBXFileReference; lastKnownFileType = file; path = "Roboto-Regular.ttf"; sourceTree = "<group>"; };
		B69F0CAF286B842200D77A48 /* Metropolis-SemiBold.otf */ = {isa = PBXFileReference; lastKnownFileType = file; path = "Metropolis-SemiBold.otf"; sourceTree = "<group>"; };
/* End PBXFileReference section */

/* Begin PBXFrameworksBuildPhase section */
		ADAAB7EF232541AF006325FC /* Frameworks */ = {
			isa = PBXFrameworksBuildPhase;
			buildActionMask = 2147483647;
			files = (
				B6838472286B47CC00302098 /* SDWebImageSwiftUI in Frameworks */,
			);
			runOnlyForDeploymentPostprocessing = 0;
		};
/* End PBXFrameworksBuildPhase section */

/* Begin PBXGroup section */
		ADAAB7E9232541AF006325FC = {
			isa = PBXGroup;
			children = (
				ADAAB7F4232541AF006325FC /* Fampay-SwiftUI */,
				ADAAB7F3232541AF006325FC /* Products */,
			);
			sourceTree = "<group>";
		};
		ADAAB7F3232541AF006325FC /* Products */ = {
			isa = PBXGroup;
			children = (
				ADAAB7F2232541AF006325FC /* Fampay-SwiftUI.app */,
			);
			name = Products;
			sourceTree = "<group>";
		};
		ADAAB7F4232541AF006325FC /* Fampay-SwiftUI */ = {
			isa = PBXGroup;
			children = (
				ADAAB7F5232541AF006325FC /* AppDelegate.swift */,
				ADAAB7F7232541AF006325FC /* SceneDelegate.swift */,
				B683846A286B3BA100302098 /* ViewModel */,
				B683846D286B3BDA00302098 /* Views */,
				B6838467286B3A8700302098 /* Model */,
				B69F0CAA286B83D100D77A48 /* Fonts */,
				B6838473286B76D800302098 /* Extensions */,
				ADAAB7FB232541B1006325FC /* Assets.xcassets */,
				ADAAB800232541B1006325FC /* LaunchScreen.storyboard */,
				ADAAB803232541B1006325FC /* Info.plist */,
				ADAAB7FD232541B1006325FC /* Preview Content */,
			);
			path = "Fampay-SwiftUI";
			sourceTree = "<group>";
		};
		ADAAB7FD232541B1006325FC /* Preview Content */ = {
			isa = PBXGroup;
			children = (
				ADAAB7FE232541B1006325FC /* Preview Assets.xcassets */,
			);
			path = "Preview Content";
			sourceTree = "<group>";
		};
		B6838467286B3A8700302098 /* Model */ = {
			isa = PBXGroup;
			children = (
				B6838468286B3A9800302098 /* DataModel.swift */,
			);
			path = Model;
			sourceTree = "<group>";
		};
		B683846A286B3BA100302098 /* ViewModel */ = {
			isa = PBXGroup;
			children = (
				B683846B286B3BB200302098 /* DataViewModel.swift */,
			);
			path = ViewModel;
			sourceTree = "<group>";
		};
		B683846D286B3BDA00302098 /* Views */ = {
			isa = PBXGroup;
			children = (
				ADAAB7F9232541B0006325FC /* ContentView.swift */,
				B683846E286B3BF600302098 /* CardGroupView.swift */,
			);
			path = Views;
			sourceTree = "<group>";
		};
		B6838473286B76D800302098 /* Extensions */ = {
			isa = PBXGroup;
			children = (
				B6838474286B76F600302098 /* HexCodeToColor.swift */,
			);
			path = Extensions;
			sourceTree = "<group>";
		};
		B69F0CAA286B83D100D77A48 /* Fonts */ = {
			isa = PBXGroup;
			children = (
				B69F0CAD286B840200D77A48 /* Roboto-Regular.ttf */,
				B69F0CAB286B83F300D77A48 /* Roboto-Medium.ttf */,
				B69F0CAF286B842200D77A48 /* Metropolis-SemiBold.otf */,
			);
			path = Fonts;
			sourceTree = "<group>";
		};
/* End PBXGroup section */

/* Begin PBXNativeTarget section */
		ADAAB7F1232541AF006325FC /* Fampay-SwiftUI */ = {
			isa = PBXNativeTarget;
			buildConfigurationList = ADAAB806232541B1006325FC /* Build configuration list for PBXNativeTarget "Fampay-SwiftUI" */;
			buildPhases = (
				ADAAB7EE232541AF006325FC /* Sources */,
				ADAAB7EF232541AF006325FC /* Frameworks */,
				ADAAB7F0232541AF006325FC /* Resources */,
			);
			buildRules = (
			);
			dependencies = (
			);
			name = "Fampay-SwiftUI";
			packageProductDependencies = (
				B6838471286B47CC00302098 /* SDWebImageSwiftUI */,
			);
			productName = "Dicee-SwiftUI";
			productReference = ADAAB7F2232541AF006325FC /* Fampay-SwiftUI.app */;
			productType = "com.apple.product-type.application";
		};
/* End PBXNativeTarget section */

/* Begin PBXProject section */
		ADAAB7EA232541AF006325FC /* Project object */ = {
			isa = PBXProject;
			attributes = {
				LastSwiftUpdateCheck = 1100;
				LastUpgradeCheck = 1330;
				ORGANIZATIONNAME = "";
				TargetAttributes = {
					ADAAB7F1232541AF006325FC = {
						CreatedOnToolsVersion = 11.0;
					};
				};
			};
			buildConfigurationList = ADAAB7ED232541AF006325FC /* Build configuration list for PBXProject "Fampay-SwiftUI" */;
			compatibilityVersion = "Xcode 9.3";
			developmentRegion = en;
			hasScannedForEncodings = 0;
			knownRegions = (
				en,
				Base,
			);
			mainGroup = ADAAB7E9232541AF006325FC;
			packageReferences = (
				B6838470286B47CC00302098 /* XCRemoteSwiftPackageReference "SDWebImageSwiftUI" */,
			);
			productRefGroup = ADAAB7F3232541AF006325FC /* Products */;
			projectDirPath = "";
			projectRoot = "";
			targets = (
				ADAAB7F1232541AF006325FC /* Fampay-SwiftUI */,
			);
		};
/* End PBXProject section */

/* Begin PBXResourcesBuildPhase section */
		ADAAB7F0232541AF006325FC /* Resources */ = {
			isa = PBXResourcesBuildPhase;
			buildActionMask = 2147483647;
			files = (
				B69F0CAC286B83F300D77A48 /* Roboto-Medium.ttf in Resources */,
				ADAAB802232541B1006325FC /* LaunchScreen.storyboard in Resources */,
				B69F0CAE286B840200D77A48 /* Roboto-Regular.ttf in Resources */,
				ADAAB7FF232541B1006325FC /* Preview Assets.xcassets in Resources */,
				B69F0CB0286B842200D77A48 /* Metropolis-SemiBold.otf in Resources */,
				ADAAB7FC232541B1006325FC /* Assets.xcassets in Resources */,
			);
			runOnlyForDeploymentPostprocessing = 0;
		};
/* End PBXResourcesBuildPhase section */

/* Begin PBXSourcesBuildPhase section */
		ADAAB7EE232541AF006325FC /* Sources */ = {
			isa = PBXSourcesBuildPhase;
			buildActionMask = 2147483647;
			files = (
				ADAAB7F6232541AF006325FC /* AppDelegate.swift in Sources */,
				B6838469286B3A9800302098 /* DataModel.swift in Sources */,
				B683846F286B3BF600302098 /* CardGroupView.swift in Sources */,
				ADAAB7F8232541AF006325FC /* SceneDelegate.swift in Sources */,
				ADAAB7FA232541B0006325FC /* ContentView.swift in Sources */,
				B683846C286B3BB200302098 /* DataViewModel.swift in Sources */,
				B6838475286B76F600302098 /* HexCodeToColor.swift in Sources */,
			);
			runOnlyForDeploymentPostprocessing = 0;
		};
/* End PBXSourcesBuildPhase section */

/* Begin PBXVariantGroup section */
		ADAAB800232541B1006325FC /* LaunchScreen.storyboard */ = {
			isa = PBXVariantGroup;
			children = (
				ADAAB801232541B1006325FC /* Base */,
			);
			name = LaunchScreen.storyboard;
			sourceTree = "<group>";
		};
/* End PBXVariantGroup section */

/* Begin XCBuildConfiguration section */
		ADAAB804232541B1006325FC /* Debug */ = {
			isa = XCBuildConfiguration;
			buildSettings = {
				ALWAYS_SEARCH_USER_PATHS = NO;
				CLANG_ANALYZER_NONNULL = YES;
				CLANG_ANALYZER_NUMBER_OBJECT_CONVERSION = YES_AGGRESSIVE;
				CLANG_CXX_LANGUAGE_STANDARD = "gnu++14";
				CLANG_CXX_LIBRARY = "libc++";
				CLANG_ENABLE_MODULES = YES;
				CLANG_ENABLE_OBJC_ARC = YES;
				CLANG_ENABLE_OBJC_WEAK = YES;
				CLANG_WARN_BLOCK_CAPTURE_AUTORELEASING = YES;
				CLANG_WARN_BOOL_CONVERSION = YES;
				CLANG_WARN_COMMA = YES;
				CLANG_WARN_CONSTANT_CONVERSION = YES;
				CLANG_WARN_DEPRECATED_OBJC_IMPLEMENTATIONS = YES;
				CLANG_WARN_DIRECT_OBJC_ISA_USAGE = YES_ERROR;
				CLANG_WARN_DOCUMENTATION_COMMENTS = YES;
				CLANG_WARN_EMPTY_BODY = YES;
				CLANG_WARN_ENUM_CONVERSION = YES;
				CLANG_WARN_INFINITE_RECURSION = YES;
				CLANG_WARN_INT_CONVERSION = YES;
				CLANG_WARN_NON_LITERAL_NULL_CONVERSION = YES;
				CLANG_WARN_OBJC_IMPLICIT_RETAIN_SELF = YES;
				CLANG_WARN_OBJC_LITERAL_CONVERSION = YES;
				CLANG_WARN_OBJC_ROOT_CLASS = YES_ERROR;
				CLANG_WARN_QUOTED_INCLUDE_IN_FRAMEWORK_HEADER = YES;
				CLANG_WARN_RANGE_LOOP_ANALYSIS = YES;
				CLANG_WARN_STRICT_PROTOTYPES = YES;
				CLANG_WARN_SUSPICIOUS_MOVE = YES;
				CLANG_WARN_UNGUARDED_AVAILABILITY = YES_AGGRESSIVE;
				CLANG_WARN_UNREACHABLE_CODE = YES;
				CLANG_WARN__DUPLICATE_METHOD_MATCH = YES;
				COPY_PHASE_STRIP = NO;
				DEBUG_INFORMATION_FORMAT = dwarf;
				ENABLE_STRICT_OBJC_MSGSEND = YES;
				ENABLE_TESTABILITY = YES;
				GCC_C_LANGUAGE_STANDARD = gnu11;
				GCC_DYNAMIC_NO_PIC = NO;
				GCC_NO_COMMON_BLOCKS = YES;
				GCC_OPTIMIZATION_LEVEL = 0;
				GCC_PREPROCESSOR_DEFINITIONS = (
					"DEBUG=1",
					"$(inherited)",
				);
				GCC_WARN_64_TO_32_BIT_CONVERSION = YES;
				GCC_WARN_ABOUT_RETURN_TYPE = YES_ERROR;
				GCC_WARN_UNDECLARED_SELECTOR = YES;
				GCC_WARN_UNINITIALIZED_AUTOS = YES_AGGRESSIVE;
				GCC_WARN_UNUSED_FUNCTION = YES;
				GCC_WARN_UNUSED_VARIABLE = YES;
				IPHONEOS_DEPLOYMENT_TARGET = 13.0;
				MTL_ENABLE_DEBUG_INFO = INCLUDE_SOURCE;
				MTL_FAST_MATH = YES;
				ONLY_ACTIVE_ARCH = YES;
				SDKROOT = iphoneos;
				SWIFT_ACTIVE_COMPILATION_CONDITIONS = DEBUG;
				SWIFT_OPTIMIZATION_LEVEL = "-Onone";
			};
			name = Debug;
		};
		ADAAB805232541B1006325FC /* Release */ = {
			isa = XCBuildConfiguration;
			buildSettings = {
				ALWAYS_SEARCH_USER_PATHS = NO;
				CLANG_ANALYZER_NONNULL = YES;
				CLANG_ANALYZER_NUMBER_OBJECT_CONVERSION = YES_AGGRESSIVE;
				CLANG_CXX_LANGUAGE_STANDARD = "gnu++14";
				CLANG_CXX_LIBRARY = "libc++";
				CLANG_ENABLE_MODULES = YES;
				CLANG_ENABLE_OBJC_ARC = YES;
				CLANG_ENABLE_OBJC_WEAK = YES;
				CLANG_WARN_BLOCK_CAPTURE_AUTORELEASING = YES;
				CLANG_WARN_BOOL_CONVERSION = YES;
				CLANG_WARN_COMMA = YES;
				CLANG_WARN_CONSTANT_CONVERSION = YES;
				CLANG_WARN_DEPRECATED_OBJC_IMPLEMENTATIONS = YES;
				CLANG_WARN_DIRECT_OBJC_ISA_USAGE = YES_ERROR;
				CLANG_WARN_DOCUMENTATION_COMMENTS = YES;
				CLANG_WARN_EMPTY_BODY = YES;
				CLANG_WARN_ENUM_CONVERSION = YES;
				CLANG_WARN_INFINITE_RECURSION = YES;
				CLANG_WARN_INT_CONVERSION = YES;
				CLANG_WARN_NON_LITERAL_NULL_CONVERSION = YES;
				CLANG_WARN_OBJC_IMPLICIT_RETAIN_SELF = YES;
				CLANG_WARN_OBJC_LITERAL_CONVERSION = YES;
				CLANG_WARN_OBJC_ROOT_CLASS = YES_ERROR;
				CLANG_WARN_QUOTED_INCLUDE_IN_FRAMEWORK_HEADER = YES;
				CLANG_WARN_RANGE_LOOP_ANALYSIS = YES;
				CLANG_WARN_STRICT_PROTOTYPES = YES;
				CLANG_WARN_SUSPICIOUS_MOVE = YES;
				CLANG_WARN_UNGUARDED_AVAILABILITY = YES_AGGRESSIVE;
				CLANG_WARN_UNREACHABLE_CODE = YES;
				CLANG_WARN__DUPLICATE_METHOD_MATCH = YES;
				COPY_PHASE_STRIP = NO;
				DEBUG_INFORMATION_FORMAT = "dwarf-with-dsym";
				ENABLE_NS_ASSERTIONS = NO;
				ENABLE_STRICT_OBJC_MSGSEND = YES;
				GCC_C_LANGUAGE_STANDARD = gnu11;
				GCC_NO_COMMON_BLOCKS = YES;
				GCC_WARN_64_TO_32_BIT_CONVERSION = YES;
				GCC_WARN_ABOUT_RETURN_TYPE = YES_ERROR;
				GCC_WARN_UNDECLARED_SELECTOR = YES;
				GCC_WARN_UNINITIALIZED_AUTOS = YES_AGGRESSIVE;
				GCC_WARN_UNUSED_FUNCTION = YES;
				GCC_WARN_UNUSED_VARIABLE = YES;
				IPHONEOS_DEPLOYMENT_TARGET = 13.0;
				MTL_ENABLE_DEBUG_INFO = NO;
				MTL_FAST_MATH = YES;
				SDKROOT = iphoneos;
				SWIFT_COMPILATION_MODE = wholemodule;
				SWIFT_OPTIMIZATION_LEVEL = "-O";
				VALIDATE_PRODUCT = YES;
			};
			name = Release;
		};
		ADAAB807232541B1006325FC /* Debug */ = {
			isa = XCBuildConfiguration;
			buildSettings = {
				ASSETCATALOG_COMPILER_APPICON_NAME = AppIcon;
				CODE_SIGN_STYLE = Automatic;
				DEVELOPMENT_ASSET_PATHS = "\"Fampay-SwiftUI/Preview Content\"";
				DEVELOPMENT_TEAM = 4RD2G2TRUF;
				ENABLE_PREVIEWS = YES;
				INFOPLIST_FILE = "Fampay-SwiftUI/Info.plist";
				LD_RUNPATH_SEARCH_PATHS = (
					"$(inherited)",
					"@executable_path/Frameworks",
				);
				PRODUCT_BUNDLE_IDENTIFIER = com.YashPoojary.FamPaySwiftUI;
				PRODUCT_NAME = "$(TARGET_NAME)";
				SWIFT_VERSION = 5.0;
				TARGETED_DEVICE_FAMILY = "1,2";
			};
			name = Debug;
		};
		ADAAB808232541B1006325FC /* Release */ = {
			isa = XCBuildConfiguration;
			buildSettings = {
				ASSETCATALOG_COMPILER_APPICON_NAME = AppIcon;
				CODE_SIGN_STYLE = Automatic;
				DEVELOPMENT_ASSET_PATHS = "\"Fampay-SwiftUI/Preview Content\"";
				DEVELOPMENT_TEAM = 4RD2G2TRUF;
				ENABLE_PREVIEWS = YES;
				INFOPLIST_FILE = "Fampay-SwiftUI/Info.plist";
				LD_RUNPATH_SEARCH_PATHS = (
					"$(inherited)",
					"@executable_path/Frameworks",
				);
				PRODUCT_BUNDLE_IDENTIFIER = com.YashPoojary.FamPaySwiftUI;
				PRODUCT_NAME = "$(TARGET_NAME)";
				SWIFT_VERSION = 5.0;
				TARGETED_DEVICE_FAMILY = "1,2";
			};
			name = Release;
		};
/* End XCBuildConfiguration section */

/* Begin XCConfigurationList section */
		ADAAB7ED232541AF006325FC /* Build configuration list for PBXProject "Fampay-SwiftUI" */ = {
			isa = XCConfigurationList;
			buildConfigurations = (
				ADAAB804232541B1006325FC /* Debug */,
				ADAAB805232541B1006325FC /* Release */,
			);
			defaultConfigurationIsVisible = 0;
			defaultConfigurationName = Release;
		};
		ADAAB806232541B1006325FC /* Build configuration list for PBXNativeTarget "Fampay-SwiftUI" */ = {
			isa = XCConfigurationList;
			buildConfigurations = (
				ADAAB807232541B1006325FC /* Debug */,
				ADAAB808232541B1006325FC /* Release */,
			);
			defaultConfigurationIsVisible = 0;
			defaultConfigurationName = Release;
		};
/* End XCConfigurationList section */

/* Begin XCRemoteSwiftPackageReference section */
		B6838470286B47CC00302098 /* XCRemoteSwiftPackageReference "SDWebImageSwiftUI" */ = {
			isa = XCRemoteSwiftPackageReference;
			repositoryURL = "https://github.com/SDWebImage/SDWebImageSwiftUI";
			requirement = {
				branch = master;
				kind = branch;
			};
		};
/* End XCRemoteSwiftPackageReference section */

/* Begin XCSwiftPackageProductDependency section */
		B6838471286B47CC00302098 /* SDWebImageSwiftUI */ = {
			isa = XCSwiftPackageProductDependency;
			package = B6838470286B47CC00302098 /* XCRemoteSwiftPackageReference "SDWebImageSwiftUI" */;
			productName = SDWebImageSwiftUI;
		};
/* End XCSwiftPackageProductDependency section */
	};
	rootObject = ADAAB7EA232541AF006325FC /* Project object */;
}
